
Microsoft Visual Studio Solution File, Format Version 12.00
# Visual Studio Version 17
VisualStudioVersion = 17.3.32922.545
MinimumVisualStudioVersion = 10.0.40219.1
Project("{FAE04EC0-301F-11D3-BF4B-00C04F79EFBC}") = "Ukupholisa Healthcare System", "Ukupholisa Healthcare System\Ukupholisa Healthcare System.csproj", "{2F0DCF3B-5329-482F-B2E1-ED32E8A29D16}"
EndProject
Global
	GlobalSection(SolutionConfigurationPlatforms) = preSolution
		Debug|Any CPU = Debug|Any CPU
		Release|Any CPU = Release|Any CPU
	EndGlobalSection
	GlobalSection(ProjectConfigurationPlatforms) = postSolution
		{2F0DCF3B-5329-482F-B2E1-ED32E8A29D16}.Debug|Any CPU.ActiveCfg = Debug|Any CPU
		{2F0DCF3B-5329-482F-B2E1-ED32E8A29D16}.Debug|Any CPU.Build.0 = Debug|Any CPU
		{2F0DCF3B-5329-482F-B2E1-ED32E8A29D16}.Release|Any CPU.ActiveCfg = Release|Any CPU
		{2F0DCF3B-5329-482F-B2E1-ED32E8A29D16}.Release|Any CPU.Build.0 = Release|Any CPU
	EndGlobalSection
	GlobalSection(SolutionProperties) = preSolution
		HideSolutionNode = FALSE
	EndGlobalSection
	GlobalSection(ExtensibilityGlobals) = postSolution
		SolutionGuid = {EBB676F8-D13B-4A42-98F8-2A8E758DA89A}
	EndGlobalSection
EndGlobal
